
Microsoft Visual Studio Solution File, Format Version 12.00
# Visual Studio Version 17
VisualStudioVersion = 17.11.35222.181
MinimumVisualStudioVersion = 10.0.40219.1
Project("{FAE04EC0-301F-11D3-BF4B-00C04F79EFBC}") = "WpfApp2", "WpfApp2.csproj", "{A2533B2F-DA3A-4675-8C36-4F60C1CF397D}"
EndProject
Global
	GlobalSection(SolutionConfigurationPlatforms) = preSolution
		Debug|Any CPU = Debug|Any CPU
		Release|Any CPU = Release|Any CPU
	EndGlobalSection
	GlobalSection(ProjectConfigurationPlatforms) = postSolution
		{A2533B2F-DA3A-4675-8C36-4F60C1CF397D}.Debug|Any CPU.ActiveCfg = Debug|Any CPU
		{A2533B2F-DA3A-4675-8C36-4F60C1CF397D}.Debug|Any CPU.Build.0 = Debug|Any CPU
		{A2533B2F-DA3A-4675-8C36-4F60C1CF397D}.Release|Any CPU.ActiveCfg = Release|Any CPU
		{A2533B2F-DA3A-4675-8C36-4F60C1CF397D}.Release|Any CPU.Build.0 = Release|Any CPU
	EndGlobalSection
	GlobalSection(SolutionProperties) = preSolution
		HideSolutionNode = FALSE
	EndGlobalSection
	GlobalSection(ExtensibilityGlobals) = postSolution
		SolutionGuid = {82B97074-B577-4CF7-8C1D-D99DD2BB41E4}
	EndGlobalSection
EndGlobal
